
Microsoft Visual Studio Solution File, Format Version 12.00
# Visual Studio Version 17
VisualStudioVersion = 17.4.33205.214
MinimumVisualStudioVersion = 10.0.40219.1
Project("{FAE04EC0-301F-11D3-BF4B-00C04F79EFBC}") = "Partial views, Load more", "Partial views, Load more\Partial views, Load more.csproj", "{DC53134A-1721-457C-85A2-FF61F67247A0}"
EndProject
Global
	GlobalSection(SolutionConfigurationPlatforms) = preSolution
		Debug|Any CPU = Debug|Any CPU
		Release|Any CPU = Release|Any CPU
	EndGlobalSection
	GlobalSection(ProjectConfigurationPlatforms) = postSolution
		{DC53134A-1721-457C-85A2-FF61F67247A0}.Debug|Any CPU.ActiveCfg = Debug|Any CPU
		{DC53134A-1721-457C-85A2-FF61F67247A0}.Debug|Any CPU.Build.0 = Debug|Any CPU
		{DC53134A-1721-457C-85A2-FF61F67247A0}.Release|Any CPU.ActiveCfg = Release|Any CPU
		{DC53134A-1721-457C-85A2-FF61F67247A0}.Release|Any CPU.Build.0 = Release|Any CPU
	EndGlobalSection
	GlobalSection(SolutionProperties) = preSolution
		HideSolutionNode = FALSE
	EndGlobalSection
	GlobalSection(ExtensibilityGlobals) = postSolution
		SolutionGuid = {E3FE08C3-F0D9-4AAE-9ECE-7493EDD068E9}
	EndGlobalSection
EndGlobal
